Microsoft Visual Studio Solution File, Format Version 11.00
# Visual Studio 2008

Project("{4D63A190-3BDE-25BF-6D67-4CFD27664A03}") = "Click Counter", "Assembly-CSharp.csproj", "{2D90BA19-C7A0-CEBA-910A-CF374F21A61B}"
EndProject
Global
	GlobalSection(SolutionConfigurationPlatforms) = preSolution
		Debug|Any CPU = Debug|Any CPU
		Release|Any CPU = Release|Any CPU
	EndGlobalSection
	GlobalSection(ProjectConfigurationPlatforms) = postSolution
		{2D90BA19-C7A0-CEBA-910A-CF374F21A61B}.Debug|Any CPU.ActiveCfg = Debug|Any CPU
		{2D90BA19-C7A0-CEBA-910A-CF374F21A61B}.Debug|Any CPU.Build.0 = Debug|Any CPU
		{2D90BA19-C7A0-CEBA-910A-CF374F21A61B}.Release|Any CPU.ActiveCfg = Release|Any CPU
		{2D90BA19-C7A0-CEBA-910A-CF374F21A61B}.Release|Any CPU.Build.0 = Release|Any CPU
	EndGlobalSection
	GlobalSection(SolutionProperties) = preSolution
		HideSolutionNode = FALSE
	EndGlobalSection
	GlobalSection(MonoDevelopProperties) = preSolution
		StartupItem = Assembly-CSharp.csproj
	EndGlobalSection
EndGlobal
